
Microsoft Visual Studio Solution File, Format Version 12.00
# Visual Studio Version 17
VisualStudioVersion = 17.11.35312.102
MinimumVisualStudioVersion = 10.0.40219.1
Project("{FAE04EC0-301F-11D3-BF4B-00C04F79EFBC}") = "Origen2024.Server", "Origen2024.Server\Origen2024.Server.csproj", "{6F5C9029-BA01-4ECB-A18E-9156AD78FF77}"
EndProject
Project("{FAE04EC0-301F-11D3-BF4B-00C04F79EFBC}") = "Origen2024.BD", "Origen2024.BD\Origen2024.BD.csproj", "{8DF1181B-DA60-4917-B15D-4C7EAFD59240}"
EndProject
Project("{FAE04EC0-301F-11D3-BF4B-00C04F79EFBC}") = "Origen2024.Shared", "Origen2024.Shared\Origen2024.Shared.csproj", "{AA9D3048-0B28-48AE-8426-0BE97B1C4E60}"
EndProject
Global
	GlobalSection(SolutionConfigurationPlatforms) = preSolution
		Debug|Any CPU = Debug|Any CPU
		Release|Any CPU = Release|Any CPU
	EndGlobalSection
	GlobalSection(ProjectConfigurationPlatforms) = postSolution
		{6F5C9029-BA01-4ECB-A18E-9156AD78FF77}.Debug|Any CPU.ActiveCfg = Debug|Any CPU
		{6F5C9029-BA01-4ECB-A18E-9156AD78FF77}.Debug|Any CPU.Build.0 = Debug|Any CPU
		{6F5C9029-BA01-4ECB-A18E-9156AD78FF77}.Release|Any CPU.ActiveCfg = Release|Any CPU
		{6F5C9029-BA01-4ECB-A18E-9156AD78FF77}.Release|Any CPU.Build.0 = Release|Any CPU
		{8DF1181B-DA60-4917-B15D-4C7EAFD59240}.Debug|Any CPU.ActiveCfg = Debug|Any CPU
		{8DF1181B-DA60-4917-B15D-4C7EAFD59240}.Debug|Any CPU.Build.0 = Debug|Any CPU
		{8DF1181B-DA60-4917-B15D-4C7EAFD59240}.Release|Any CPU.ActiveCfg = Release|Any CPU
		{8DF1181B-DA60-4917-B15D-4C7EAFD59240}.Release|Any CPU.Build.0 = Release|Any CPU
		{AA9D3048-0B28-48AE-8426-0BE97B1C4E60}.Debug|Any CPU.ActiveCfg = Debug|Any CPU
		{AA9D3048-0B28-48AE-8426-0BE97B1C4E60}.Debug|Any CPU.Build.0 = Debug|Any CPU
		{AA9D3048-0B28-48AE-8426-0BE97B1C4E60}.Release|Any CPU.ActiveCfg = Release|Any CPU
		{AA9D3048-0B28-48AE-8426-0BE97B1C4E60}.Release|Any CPU.Build.0 = Release|Any CPU
	EndGlobalSection
	GlobalSection(SolutionProperties) = preSolution
		HideSolutionNode = FALSE
	EndGlobalSection
	GlobalSection(ExtensibilityGlobals) = postSolution
		SolutionGuid = {DBC31212-0105-4DE2-AECE-A1117AE9C2C4}
	EndGlobalSection
EndGlobal
